
Microsoft Visual Studio Solution File, Format Version 12.00
# SQL Server Management Studio Version 22
VisualStudioVersion = 18.3.11520.95
MinimumVisualStudioVersion = 10.0.40219.1
Project("{4F2E2C19-372F-40D8-9FA7-9D2138C6997A}") = "tha_id", "tha_id.ssmssqlproj", "{36CC8278-E7E2-9070-5585-0A77B249CC83}"
EndProject
Global
	GlobalSection(SolutionConfigurationPlatforms) = preSolution
		Default|Default = Default|Default
	EndGlobalSection
	GlobalSection(ProjectConfigurationPlatforms) = postSolution
		{36CC8278-E7E2-9070-5585-0A77B249CC83}.Default|Default.ActiveCfg = Default
		{DA351A22-74D3-45F1-90A0-87B6DE685117}.Default|Default.ActiveCfg = Default
	EndGlobalSection
	GlobalSection(SolutionProperties) = preSolution
		HideSolutionNode = FALSE
	EndGlobalSection
	GlobalSection(ExtensibilityGlobals) = postSolution
		SolutionGuid = {AA38F142-888A-4B5B-B890-B747554AC1B3}
	EndGlobalSection
EndGlobal
